
Microsoft Visual Studio Solution File, Format Version 12.00
# Visual Studio 15
VisualStudioVersion = 15.0.26730.12
MinimumVisualStudioVersion = 10.0.40219.1
Project("{FAE04EC0-301F-11D3-BF4B-00C04F79EFBC}") = "HeadFirstCSharpChapter2-Program4", "HeadFirstCSharpChapter2-Program4\HeadFirstCSharpChapter2-Program4.csproj", "{293D131B-A285-442D-8876-C24C5C46C5ED}"
EndProject
Global
	GlobalSection(SolutionConfigurationPlatforms) = preSolution
		Debug|Any CPU = Debug|Any CPU
		Release|Any CPU = Release|Any CPU
	EndGlobalSection
	GlobalSection(ProjectConfigurationPlatforms) = postSolution
		{293D131B-A285-442D-8876-C24C5C46C5ED}.Debug|Any CPU.ActiveCfg = Debug|Any CPU
		{293D131B-A285-442D-8876-C24C5C46C5ED}.Debug|Any CPU.Build.0 = Debug|Any CPU
		{293D131B-A285-442D-8876-C24C5C46C5ED}.Release|Any CPU.ActiveCfg = Release|Any CPU
		{293D131B-A285-442D-8876-C24C5C46C5ED}.Release|Any CPU.Build.0 = Release|Any CPU
	EndGlobalSection
	GlobalSection(SolutionProperties) = preSolution
		HideSolutionNode = FALSE
	EndGlobalSection
	GlobalSection(ExtensibilityGlobals) = postSolution
		SolutionGuid = {D42D79BA-F2BD-42A5-A0F5-85118B1C115D}
	EndGlobalSection
EndGlobal
